
Microsoft Visual Studio Solution File, Format Version 12.00
# Visual Studio Version 16
VisualStudioVersion = 16.0.30002.166
MinimumVisualStudioVersion = 10.0.40219.1
Project("{2150E333-8FDC-42A3-9474-1A3956D46DE8}") = "Mobile", "Mobile", "{1ED0D14E-DA8B-401A-A574-A0BB98A0BCC8}"
EndProject
Project("{2150E333-8FDC-42A3-9474-1A3956D46DE8}") = "Cloud", "Cloud", "{B6D83F4A-3D71-4280-A5CE-6BA875BF528A}"
EndProject
Project("{FAE04EC0-301F-11D3-BF4B-00C04F79EFBC}") = "MyCalendar.Mobile", "MyCalendar.Mobile\MyCalendar.Mobile\MyCalendar.Mobile.csproj", "{B3876853-018A-41F3-8DF2-CE325DEC5947}"
EndProject
Project("{FAE04EC0-301F-11D3-BF4B-00C04F79EFBC}") = "MyCalendar.Mobile.Android", "MyCalendar.Mobile\MyCalendar.Mobile.Android\MyCalendar.Mobile.Android.csproj", "{8BBA777A-DD33-414E-866E-587F80DE1EE2}"
EndProject
Project("{FAE04EC0-301F-11D3-BF4B-00C04F79EFBC}") = "MyCalendar.Mobile.iOS", "MyCalendar.Mobile\MyCalendar.Mobile.iOS\MyCalendar.Mobile.iOS.csproj", "{6F45E815-D265-4E04-9EF8-7912A7E69471}"
EndProject
Project("{FAE04EC0-301F-11D3-BF4B-00C04F79EFBC}") = "MyCalendar.Api", "MyCalendar.Api\MyCalendar.Api.csproj", "{99C8D5D1-D529-4272-986B-0325A6C08C10}"
EndProject
Global
	GlobalSection(SolutionConfigurationPlatforms) = preSolution
		Ad-Hoc|Any CPU = Ad-Hoc|Any CPU
		Ad-Hoc|iPhone = Ad-Hoc|iPhone
		Ad-Hoc|iPhoneSimulator = Ad-Hoc|iPhoneSimulator
		AppStore|Any CPU = AppStore|Any CPU
		AppStore|iPhone = AppStore|iPhone
		AppStore|iPhoneSimulator = AppStore|iPhoneSimulator
		Debug|Any CPU = Debug|Any CPU
		Debug|iPhone = Debug|iPhone
		Debug|iPhoneSimulator = Debug|iPhoneSimulator
		Release|Any CPU = Release|Any CPU
		Release|iPhone = Release|iPhone
		Release|iPhoneSimulator = Release|iPhoneSimulator
	EndGlobalSection
	GlobalSection(ProjectConfigurationPlatforms) = postSolution
		{B3876853-018A-41F3-8DF2-CE325DEC5947}.Ad-Hoc|Any CPU.ActiveCfg = Debug|Any CPU
		{B3876853-018A-41F3-8DF2-CE325DEC5947}.Ad-Hoc|Any CPU.Build.0 = Debug|Any CPU
		{B3876853-018A-41F3-8DF2-CE325DEC5947}.Ad-Hoc|iPhone.ActiveCfg = Debug|Any CPU
		{B3876853-018A-41F3-8DF2-CE325DEC5947}.Ad-Hoc|iPhone.Build.0 = Debug|Any CPU
		{B3876853-018A-41F3-8DF2-CE325DEC5947}.Ad-Hoc|iPhoneSimulator.ActiveCfg = Debug|Any CPU
		{B3876853-018A-41F3-8DF2-CE325DEC5947}.Ad-Hoc|iPhoneSimulator.Build.0 = Debug|Any CPU
		{B3876853-018A-41F3-8DF2-CE325DEC5947}.AppStore|Any CPU.ActiveCfg = Debug|Any CPU
		{B3876853-018A-41F3-8DF2-CE325DEC5947}.AppStore|Any CPU.Build.0 = Debug|Any CPU
		{B3876853-018A-41F3-8DF2-CE325DEC5947}.AppStore|iPhone.ActiveCfg = Debug|Any CPU
		{B3876853-018A-41F3-8DF2-CE325DEC5947}.AppStore|iPhone.Build.0 = Debug|Any CPU
		{B3876853-018A-41F3-8DF2-CE325DEC5947}.AppStore|iPhoneSimulator.ActiveCfg = Debug|Any CPU
		{B3876853-018A-41F3-8DF2-CE325DEC5947}.AppStore|iPhoneSimulator.Build.0 = Debug|Any CPU
		{B3876853-018A-41F3-8DF2-CE325DEC5947}.Debug|Any CPU.ActiveCfg = Debug|Any CPU
		{B3876853-018A-41F3-8DF2-CE325DEC5947}.Debug|Any CPU.Build.0 = Debug|Any CPU
		{B3876853-018A-41F3-8DF2-CE325DEC5947}.Debug|iPhone.ActiveCfg = Debug|Any CPU
		{B3876853-018A-41F3-8DF2-CE325DEC5947}.Debug|iPhone.Build.0 = Debug|Any CPU
		{B3876853-018A-41F3-8DF2-CE325DEC5947}.Debug|iPhoneSimulator.ActiveCfg = Debug|Any CPU
		{B3876853-018A-41F3-8DF2-CE325DEC5947}.Debug|iPhoneSimulator.Build.0 = Debug|Any CPU
		{B3876853-018A-41F3-8DF2-CE325DEC5947}.Release|Any CPU.ActiveCfg = Release|Any CPU
		{B3876853-018A-41F3-8DF2-CE325DEC5947}.Release|Any CPU.Build.0 = Release|Any CPU
		{B3876853-018A-41F3-8DF2-CE325DEC5947}.Release|iPhone.ActiveCfg = Release|Any CPU
		{B3876853-018A-41F3-8DF2-CE325DEC5947}.Release|iPhone.Build.0 = Release|Any CPU
		{B3876853-018A-41F3-8DF2-CE325DEC5947}.Release|iPhoneSimulator.ActiveCfg = Release|Any CPU
		{B3876853-018A-41F3-8DF2-CE325DEC5947}.Release|iPhoneSimulator.Build.0 = Release|Any CPU
		{8BBA777A-DD33-414E-866E-587F80DE1EE2}.Ad-Hoc|Any CPU.ActiveCfg = Release|Any CPU
		{8BBA777A-DD33-414E-866E-587F80DE1EE2}.Ad-Hoc|Any CPU.Build.0 = Release|Any CPU
		{8BBA777A-DD33-414E-866E-587F80DE1EE2}.Ad-Hoc|Any CPU.Deploy.0 = Release|Any CPU
		{8BBA777A-DD33-414E-866E-587F80DE1EE2}.Ad-Hoc|iPhone.ActiveCfg = Release|Any CPU
		{8BBA777A-DD33-414E-866E-587F80DE1EE2}.Ad-Hoc|iPhone.Build.0 = Release|Any CPU
		{8BBA777A-DD33-414E-866E-587F80DE1EE2}.Ad-Hoc|iPhone.Deploy.0 = Release|Any CPU
		{8BBA777A-DD33-414E-866E-587F80DE1EE2}.Ad-Hoc|iPhoneSimulator.ActiveCfg = Release|Any CPU
		{8BBA777A-DD33-414E-866E-587F80DE1EE2}.Ad-Hoc|iPhoneSimulator.Build.0 = Release|Any CPU
		{8BBA777A-DD33-414E-866E-587F80DE1EE2}.Ad-Hoc|iPhoneSimulator.Deploy.0 = Release|Any CPU
		{8BBA777A-DD33-414E-866E-587F80DE1EE2}.AppStore|Any CPU.ActiveCfg = Release|Any CPU
		{8BBA777A-DD33-414E-866E-587F80DE1EE2}.AppStore|Any CPU.Build.0 = Release|Any CPU
		{8BBA777A-DD33-414E-866E-587F80DE1EE2}.AppStore|Any CPU.Deploy.0 = Release|Any CPU
		{8BBA777A-DD33-414E-866E-587F80DE1EE2}.AppStore|iPhone.ActiveCfg = Release|Any CPU
		{8BBA777A-DD33-414E-866E-587F80DE1EE2}.AppStore|iPhone.Build.0 = Release|Any CPU
		{8BBA777A-DD33-414E-866E-587F80DE1EE2}.AppStore|iPhone.Deploy.0 = Release|Any CPU
		{8BBA777A-DD33-414E-866E-587F80DE1EE2}.AppStore|iPhoneSimulator.ActiveCfg = Release|Any CPU
		{8BBA777A-DD33-414E-866E-587F80DE1EE2}.AppStore|iPhoneSimulator.Build.0 = Release|Any CPU
		{8BBA777A-DD33-414E-866E-587F80DE1EE2}.AppStore|iPhoneSimulator.Deploy.0 = Release|Any CPU
		{8BBA777A-DD33-414E-866E-587F80DE1EE2}.Debug|Any CPU.ActiveCfg = Debug|Any CPU
		{8BBA777A-DD33-414E-866E-587F80DE1EE2}.Debug|Any CPU.Build.0 = Debug|Any CPU
		{8BBA777A-DD33-414E-866E-587F80DE1EE2}.Debug|Any CPU.Deploy.0 = Debug|Any CPU
		{8BBA777A-DD33-414E-866E-587F80DE1EE2}.Debug|iPhone.ActiveCfg = Debug|Any CPU
		{8BBA777A-DD33-414E-866E-587F80DE1EE2}.Debug|iPhone.Build.0 = Debug|Any CPU
		{8BBA777A-DD33-414E-866E-587F80DE1EE2}.Debug|iPhone.Deploy.0 = Debug|Any CPU
		{8BBA777A-DD33-414E-866E-587F80DE1EE2}.Debug|iPhoneSimulator.ActiveCfg = Debug|Any CPU
		{8BBA777A-DD33-414E-866E-587F80DE1EE2}.Debug|iPhoneSimulator.Build.0 = Debug|Any CPU
		{8BBA777A-DD33-414E-866E-587F80DE1EE2}.Debug|iPhoneSimulator.Deploy.0 = Debug|Any CPU
		{8BBA777A-DD33-414E-866E-587F80DE1EE2}.Release|Any CPU.ActiveCfg = Release|Any CPU
		{8BBA777A-DD33-414E-866E-587F80DE1EE2}.Release|Any CPU.Build.0 = Release|Any CPU
		{8BBA777A-DD33-414E-866E-587F80DE1EE2}.Release|Any CPU.Deploy.0 = Release|Any CPU
		{8BBA777A-DD33-414E-866E-587F80DE1EE2}.Release|iPhone.ActiveCfg = Release|Any CPU
		{8BBA777A-DD33-414E-866E-587F80DE1EE2}.Release|iPhone.Build.0 = Release|Any CPU
		{8BBA777A-DD33-414E-866E-587F80DE1EE2}.Release|iPhone.Deploy.0 = Release|Any CPU
		{8BBA777A-DD33-414E-866E-587F80DE1EE2}.Release|iPhoneSimulator.ActiveCfg = Release|Any CPU
		{8BBA777A-DD33-414E-866E-587F80DE1EE2}.Release|iPhoneSimulator.Build.0 = Release|Any CPU
		{8BBA777A-DD33-414E-866E-587F80DE1EE2}.Release|iPhoneSimulator.Deploy.0 = Release|Any CPU
		{6F45E815-D265-4E04-9EF8-7912A7E69471}.Ad-Hoc|Any CPU.ActiveCfg = Ad-Hoc|iPhone
		{6F45E815-D265-4E04-9EF8-7912A7E69471}.Ad-Hoc|iPhone.ActiveCfg = Ad-Hoc|iPhone
		{6F45E815-D265-4E04-9EF8-7912A7E69471}.Ad-Hoc|iPhone.Build.0 = Ad-Hoc|iPhone
		{6F45E815-D265-4E04-9EF8-7912A7E69471}.Ad-Hoc|iPhoneSimulator.ActiveCfg = Ad-Hoc|iPhoneSimulator
		{6F45E815-D265-4E04-9EF8-7912A7E69471}.Ad-Hoc|iPhoneSimulator.Build.0 = Ad-Hoc|iPhoneSimulator
		{6F45E815-D265-4E04-9EF8-7912A7E69471}.AppStore|Any CPU.ActiveCfg = AppStore|iPhone
		{6F45E815-D265-4E04-9EF8-7912A7E69471}.AppStore|iPhone.ActiveCfg = AppStore|iPhone
		{6F45E815-D265-4E04-9EF8-7912A7E69471}.AppStore|iPhone.Build.0 = AppStore|iPhone
		{6F45E815-D265-4E04-9EF8-7912A7E69471}.AppStore|iPhoneSimulator.ActiveCfg = AppStore|iPhoneSimulator
		{6F45E815-D265-4E04-9EF8-7912A7E69471}.AppStore|iPhoneSimulator.Build.0 = AppStore|iPhoneSimulator
		{6F45E815-D265-4E04-9EF8-7912A7E69471}.Debug|Any CPU.ActiveCfg = Debug|iPhone
		{6F45E815-D265-4E04-9EF8-7912A7E69471}.Debug|iPhone.ActiveCfg = Debug|iPhone
		{6F45E815-D265-4E04-9EF8-7912A7E69471}.Debug|iPhone.Build.0 = Debug|iPhone
		{6F45E815-D265-4E04-9EF8-7912A7E69471}.Debug|iPhoneSimulator.ActiveCfg = Debug|iPhoneSimulator
		{6F45E815-D265-4E04-9EF8-7912A7E69471}.Debug|iPhoneSimulator.Build.0 = Debug|iPhoneSimulator
		{6F45E815-D265-4E04-9EF8-7912A7E69471}.Release|Any CPU.ActiveCfg = Release|iPhone
		{6F45E815-D265-4E04-9EF8-7912A7E69471}.Release|iPhone.ActiveCfg = Release|iPhone
		{6F45E815-D265-4E04-9EF8-7912A7E69471}.Release|iPhone.Build.0 = Release|iPhone
		{6F45E815-D265-4E04-9EF8-7912A7E69471}.Release|iPhoneSimulator.ActiveCfg = Release|iPhoneSimulator
		{6F45E815-D265-4E04-9EF8-7912A7E69471}.Release|iPhoneSimulator.Build.0 = Release|iPhoneSimulator
		{99C8D5D1-D529-4272-986B-0325A6C08C10}.Ad-Hoc|Any CPU.ActiveCfg = Debug|Any CPU
		{99C8D5D1-D529-4272-986B-0325A6C08C10}.Ad-Hoc|Any CPU.Build.0 = Debug|Any CPU
		{99C8D5D1-D529-4272-986B-0325A6C08C10}.Ad-Hoc|iPhone.ActiveCfg = Debug|Any CPU
		{99C8D5D1-D529-4272-986B-0325A6C08C10}.Ad-Hoc|iPhone.Build.0 = Debug|Any CPU
		{99C8D5D1-D529-4272-986B-0325A6C08C10}.Ad-Hoc|iPhoneSimulator.ActiveCfg = Debug|Any CPU
		{99C8D5D1-D529-4272-986B-0325A6C08C10}.Ad-Hoc|iPhoneSimulator.Build.0 = Debug|Any CPU
		{99C8D5D1-D529-4272-986B-0325A6C08C10}.AppStore|Any CPU.ActiveCfg = Debug|Any CPU
		{99C8D5D1-D529-4272-986B-0325A6C08C10}.AppStore|Any CPU.Build.0 = Debug|Any CPU
		{99C8D5D1-D529-4272-986B-0325A6C08C10}.AppStore|iPhone.ActiveCfg = Debug|Any CPU
		{99C8D5D1-D529-4272-986B-0325A6C08C10}.AppStore|iPhone.Build.0 = Debug|Any CPU
		{99C8D5D1-D529-4272-986B-0325A6C08C10}.AppStore|iPhoneSimulator.ActiveCfg = Debug|Any CPU
		{99C8D5D1-D529-4272-986B-0325A6C08C10}.AppStore|iPhoneSimulator.Build.0 = Debug|Any CPU
		{99C8D5D1-D529-4272-986B-0325A6C08C10}.Debug|Any CPU.ActiveCfg = Debug|Any CPU
		{99C8D5D1-D529-4272-986B-0325A6C08C10}.Debug|Any CPU.Build.0 = Debug|Any CPU
		{99C8D5D1-D529-4272-986B-0325A6C08C10}.Debug|iPhone.ActiveCfg = Debug|Any CPU
		{99C8D5D1-D529-4272-986B-0325A6C08C10}.Debug|iPhone.Build.0 = Debug|Any CPU
		{99C8D5D1-D529-4272-986B-0325A6C08C10}.Debug|iPhoneSimulator.ActiveCfg = Debug|Any CPU
		{99C8D5D1-D529-4272-986B-0325A6C08C10}.Debug|iPhoneSimulator.Build.0 = Debug|Any CPU
		{99C8D5D1-D529-4272-986B-0325A6C08C10}.Release|Any CPU.ActiveCfg = Release|Any CPU
		{99C8D5D1-D529-4272-986B-0325A6C08C10}.Release|Any CPU.Build.0 = Release|Any CPU
		{99C8D5D1-D529-4272-986B-0325A6C08C10}.Release|iPhone.ActiveCfg = Release|Any CPU
		{99C8D5D1-D529-4272-986B-0325A6C08C10}.Release|iPhone.Build.0 = Release|Any CPU
		{99C8D5D1-D529-4272-986B-0325A6C08C10}.Release|iPhoneSimulator.ActiveCfg = Release|Any CPU
		{99C8D5D1-D529-4272-986B-0325A6C08C10}.Release|iPhoneSimulator.Build.0 = Release|Any CPU
	EndGlobalSection
	GlobalSection(SolutionProperties) = preSolution
		HideSolutionNode = FALSE
	EndGlobalSection
	GlobalSection(NestedProjects) = preSolution
		{B3876853-018A-41F3-8DF2-CE325DEC5947} = {1ED0D14E-DA8B-401A-A574-A0BB98A0BCC8}
		{8BBA777A-DD33-414E-866E-587F80DE1EE2} = {1ED0D14E-DA8B-401A-A574-A0BB98A0BCC8}
		{6F45E815-D265-4E04-9EF8-7912A7E69471} = {1ED0D14E-DA8B-401A-A574-A0BB98A0BCC8}
		{99C8D5D1-D529-4272-986B-0325A6C08C10} = {B6D83F4A-3D71-4280-A5CE-6BA875BF528A}
	EndGlobalSection
	GlobalSection(ExtensibilityGlobals) = postSolution
		SolutionGuid = {983E9A41-A3D6-449F-B930-CEC7D791FF8B}
	EndGlobalSection
EndGlobal
